// !$*UTF8*$!
{
	archiveVersion = 1;
	classes = {
	};
	objectVersion = 56;
	objects = {

/* Begin PBXBuildFile section */
		525009522B35458E00B73FA6 /* AppNecut_P2App.swift in Sources */ = {isa = PBXBuildFile; fileRef = 525009512B35458E00B73FA6 /* AppNecut_P2App.swift */; };
		525009542B35458E00B73FA6 /* MainView.swift in Sources */ = {isa = PBXBuildFile; fileRef = 525009532B35458E00B73FA6 /* MainView.swift */; };
		525009562B35458E00B73FA6 /* Assets.xcassets in Resources */ = {isa = PBXBuildFile; fileRef = 525009552B35458E00B73FA6 /* Assets.xcassets */; };
		525009592B35458E00B73FA6 /* Preview Assets.xcassets in Resources */ = {isa = PBXBuildFile; fileRef = 525009582B35458E00B73FA6 /* Preview Assets.xcassets */; };
		525009602B35475000B73FA6 /* CameraView.swift in Sources */ = {isa = PBXBuildFile; fileRef = 5250095F2B35475000B73FA6 /* CameraView.swift */; };
		525009622B35482C00B73FA6 /* SettingView.swift in Sources */ = {isa = PBXBuildFile; fileRef = 525009612B35482C00B73FA6 /* SettingView.swift */; };
/* End PBXBuildFile section */

/* Begin PBXFileReference section */
		5250094E2B35458E00B73FA6 /* AppNecut_P2.app */ = {isa = PBXFileReference; explicitFileType = wrapper.application; includeInIndex = 0; path = AppNecut_P2.app; sourceTree = BUILT_PRODUCTS_DIR; };
		525009512B35458E00B73FA6 /* AppNecut_P2App.swift */ = {isa = PBXFileReference; lastKnownFileType = sourcecode.swift; path = AppNecut_P2App.swift; sourceTree = "<group>"; };
		525009532B35458E00B73FA6 /* MainView.swift */ = {isa = PBXFileReference; lastKnownFileType = sourcecode.swift; path = MainView.swift; sourceTree = "<group>"; };
		525009552B35458E00B73FA6 /* Assets.xcassets */ = {isa = PBXFileReference; lastKnownFileType = folder.assetcatalog; path = Assets.xcassets; sourceTree = "<group>"; };
		525009582B35458E00B73FA6 /* Preview Assets.xcassets */ = {isa = PBXFileReference; lastKnownFileType = folder.assetcatalog; path = "Preview Assets.xcassets"; sourceTree = "<group>"; };
		5250095F2B35475000B73FA6 /* CameraView.swift */ = {isa = PBXFileReference; lastKnownFileType = sourcecode.swift; path = CameraView.swift; sourceTree = "<group>"; };
		525009612B35482C00B73FA6 /* SettingView.swift */ = {isa = PBXFileReference; lastKnownFileType = sourcecode.swift; path = SettingView.swift; sourceTree = "<group>"; };
		525009632B35649F00B73FA6 /* AppNecut-P2-Info.plist */ = {isa = PBXFileReference; lastKnownFileType = text.plist; path = "AppNecut-P2-Info.plist"; sourceTree = SOURCE_ROOT; };
/* End PBXFileReference section */

/* Begin PBXFrameworksBuildPhase section */
		5250094B2B35458D00B73FA6 /* Frameworks */ = {
			isa = PBXFrameworksBuildPhase;
			buildActionMask = 2147483647;
			files = (
			);
			runOnlyForDeploymentPostprocessing = 0;
		};
/* End PBXFrameworksBuildPhase section */

/* Begin PBXGroup section */
		525009452B35458D00B73FA6 = {
			isa = PBXGroup;
			children = (
				525009502B35458E00B73FA6 /* AppNecut_P2 */,
				5250094F2B35458E00B73FA6 /* Products */,
			);
			sourceTree = "<group>";
		};
		5250094F2B35458E00B73FA6 /* Products */ = {
			isa = PBXGroup;
			children = (
				5250094E2B35458E00B73FA6 /* AppNecut_P2.app */,
			);
			name = Products;
			sourceTree = "<group>";
		};
		525009502B35458E00B73FA6 /* AppNecut_P2 */ = {
			isa = PBXGroup;
			children = (
				525009632B35649F00B73FA6 /* AppNecut-P2-Info.plist */,
				525009512B35458E00B73FA6 /* AppNecut_P2App.swift */,
				525009532B35458E00B73FA6 /* MainView.swift */,
				5250095F2B35475000B73FA6 /* CameraView.swift */,
				525009612B35482C00B73FA6 /* SettingView.swift */,
				525009552B35458E00B73FA6 /* Assets.xcassets */,
				525009572B35458E00B73FA6 /* Preview Content */,
			);
			path = AppNecut_P2;
			sourceTree = "<group>";
		};
		525009572B35458E00B73FA6 /* Preview Content */ = {
			isa = PBXGroup;
			children = (
				525009582B35458E00B73FA6 /* Preview Assets.xcassets */,
			);
			path = "Preview Content";
			sourceTree = "<group>";
		};
/* End PBXGroup section */

/* Begin PBXNativeTarget section */
		5250094D2B35458D00B73FA6 /* AppNecut_P2 */ = {
			isa = PBXNativeTarget;
			buildConfigurationList = 5250095C2B35458E00B73FA6 /* Build configuration list for PBXNativeTarget "AppNecut_P2" */;
			buildPhases = (
				5250094A2B35458D00B73FA6 /* Sources */,
				5250094B2B35458D00B73FA6 /* Frameworks */,
				5250094C2B35458D00B73FA6 /* Resources */,
			);
			buildRules = (
			);
			dependencies = (
			);
			name = AppNecut_P2;
			productName = AppNecut_P2;
			productReference = 5250094E2B35458E00B73FA6 /* AppNecut_P2.app */;
			productType = "com.apple.product-type.application";
		};
/* End PBXNativeTarget section */

/* Begin PBXProject section */
		525009462B35458D00B73FA6 /* Project object */ = {
			isa = PBXProject;
			attributes = {
				BuildIndependentTargetsInParallel = 1;
				LastSwiftUpdateCheck = 1510;
				LastUpgradeCheck = 1510;
				TargetAttributes = {
					5250094D2B35458D00B73FA6 = {
						CreatedOnToolsVersion = 15.1;
					};
				};
			};
			buildConfigurationList = 525009492B35458D00B73FA6 /* Build configuration list for PBXProject "AppNecut_P2" */;
			compatibilityVersion = "Xcode 14.0";
			developmentRegion = en;
			hasScannedForEncodings = 0;
			knownRegions = (
				en,
				Base,
			);
			mainGroup = 525009452B35458D00B73FA6;
			productRefGroup = 5250094F2B35458E00B73FA6 /* Products */;
			projectDirPath = "";
			projectRoot = "";
			targets = (
				5250094D2B35458D00B73FA6 /* AppNecut_P2 */,
			);
		};
/* End PBXProject section */

/* Begin PBXResourcesBuildPhase section */
		5250094C2B35458D00B73FA6 /* Resources */ = {
			isa = PBXResourcesBuildPhase;
			buildActionMask = 2147483647;
			files = (
				525009592B35458E00B73FA6 /* Preview Assets.xcassets in Resources */,
				525009562B35458E00B73FA6 /* Assets.xcassets in Resources */,
			);
			runOnlyForDeploymentPostprocessing = 0;
		};
/* End PBXResourcesBuildPhase section */

/* Begin PBXSourcesBuildPhase section */
		5250094A2B35458D00B73FA6 /* Sources */ = {
			isa = PBXSourcesBuildPhase;
			buildActionMask = 2147483647;
			files = (
				525009602B35475000B73FA6 /* CameraView.swift in Sources */,
				525009622B35482C00B73FA6 /* SettingView.swift in Sources */,
				525009542B35458E00B73FA6 /* MainView.swift in Sources */,
				525009522B35458E00B73FA6 /* AppNecut_P2App.swift in Sources */,
			);
			runOnlyForDeploymentPostprocessing = 0;
		};
/* End PBXSourcesBuildPhase section */

/* Begin XCBuildConfiguration section */
		5250095A2B35458E00B73FA6 /* Debug */ = {
			isa = XCBuildConfiguration;
			buildSettings = {
				ALWAYS_SEARCH_USER_PATHS = NO;
				ASSETCATALOG_COMPILER_GENERATE_SWIFT_ASSET_SYMBOL_EXTENSIONS = YES;
				CLANG_ANALYZER_NONNULL = YES;
				CLANG_ANALYZER_NUMBER_OBJECT_CONVERSION = YES_AGGRESSIVE;
				CLANG_CXX_LANGUAGE_STANDARD = "gnu++20";
				CLANG_ENABLE_MODULES = YES;
				CLANG_ENABLE_OBJC_ARC = YES;
				CLANG_ENABLE_OBJC_WEAK = YES;
				CLANG_WARN_BLOCK_CAPTURE_AUTORELEASING = YES;
				CLANG_WARN_BOOL_CONVERSION = YES;
				CLANG_WARN_COMMA = YES;
				CLANG_WARN_CONSTANT_CONVERSION = YES;
				CLANG_WARN_DEPRECATED_OBJC_IMPLEMENTATIONS = YES;
				CLANG_WARN_DIRECT_OBJC_ISA_USAGE = YES_ERROR;
				CLANG_WARN_DOCUMENTATION_COMMENTS = YES;
				CLANG_WARN_EMPTY_BODY = YES;
				CLANG_WARN_ENUM_CONVERSION = YES;
				CLANG_WARN_INFINITE_RECURSION = YES;
				CLANG_WARN_INT_CONVERSION = YES;
				CLANG_WARN_NON_LITERAL_NULL_CONVERSION = YES;
				CLANG_WARN_OBJC_IMPLICIT_RETAIN_SELF = YES;
				CLANG_WARN_OBJC_LITERAL_CONVERSION = YES;
				CLANG_WARN_OBJC_ROOT_CLASS = YES_ERROR;
				CLANG_WARN_QUOTED_INCLUDE_IN_FRAMEWORK_HEADER = YES;
				CLANG_WARN_RANGE_LOOP_ANALYSIS = YES;
				CLANG_WARN_STRICT_PROTOTYPES = YES;
				CLANG_WARN_SUSPICIOUS_MOVE = YES;
				CLANG_WARN_UNGUARDED_AVAILABILITY = YES_AGGRESSIVE;
				CLANG_WARN_UNREACHABLE_CODE = YES;
				CLANG_WARN__DUPLICATE_METHOD_MATCH = YES;
				COPY_PHASE_STRIP = NO;
				DEBUG_INFORMATION_FORMAT = dwarf;
				ENABLE_STRICT_OBJC_MSGSEND = YES;
				ENABLE_TESTABILITY = YES;
				ENABLE_USER_SCRIPT_SANDBOXING = YES;
				GCC_C_LANGUAGE_STANDARD = gnu17;
				GCC_DYNAMIC_NO_PIC = NO;
				GCC_NO_COMMON_BLOCKS = YES;
				GCC_OPTIMIZATION_LEVEL = 0;
				GCC_PREPROCESSOR_DEFINITIONS = (
					"DEBUG=1",
					"$(inherited)",
				);
				GCC_WARN_64_TO_32_BIT_CONVERSION = YES;
				GCC_WARN_ABOUT_RETURN_TYPE = YES_ERROR;
				GCC_WARN_UNDECLARED_SELECTOR = YES;
				GCC_WARN_UNINITIALIZED_AUTOS = YES_AGGRESSIVE;
				GCC_WARN_UNUSED_FUNCTION = YES;
				GCC_WARN_UNUSED_VARIABLE = YES;
				IPHONEOS_DEPLOYMENT_TARGET = 17.2;
				LOCALIZATION_PREFERS_STRING_CATALOGS = YES;
				MTL_ENABLE_DEBUG_INFO = INCLUDE_SOURCE;
				MTL_FAST_MATH = YES;
				ONLY_ACTIVE_ARCH = YES;
				SDKROOT = iphoneos;
				SWIFT_ACTIVE_COMPILATION_CONDITIONS = "DEBUG $(inherited)";
				SWIFT_OPTIMIZATION_LEVEL = "-Onone";
			};
			name = Debug;
		};
		5250095B2B35458E00B73FA6 /* Release */ = {
			isa = XCBuildConfiguration;
			buildSettings = {
				ALWAYS_SEARCH_USER_PATHS = NO;
				ASSETCATALOG_COMPILER_GENERATE_SWIFT_ASSET_SYMBOL_EXTENSIONS = YES;
				CLANG_ANALYZER_NONNULL = YES;
				CLANG_ANALYZER_NUMBER_OBJECT_CONVERSION = YES_AGGRESSIVE;
				CLANG_CXX_LANGUAGE_STANDARD = "gnu++20";
				CLANG_ENABLE_MODULES = YES;
				CLANG_ENABLE_OBJC_ARC = YES;
				CLANG_ENABLE_OBJC_WEAK = YES;
				CLANG_WARN_BLOCK_CAPTURE_AUTORELEASING = YES;
				CLANG_WARN_BOOL_CONVERSION = YES;
				CLANG_WARN_COMMA = YES;
				CLANG_WARN_CONSTANT_CONVERSION = YES;
				CLANG_WARN_DEPRECATED_OBJC_IMPLEMENTATIONS = YES;
				CLANG_WARN_DIRECT_OBJC_ISA_USAGE = YES_ERROR;
				CLANG_WARN_DOCUMENTATION_COMMENTS = YES;
				CLANG_WARN_EMPTY_BODY = YES;
				CLANG_WARN_ENUM_CONVERSION = YES;
				CLANG_WARN_INFINITE_RECURSION = YES;
				CLANG_WARN_INT_CONVERSION = YES;
				CLANG_WARN_NON_LITERAL_NULL_CONVERSION = YES;
				CLANG_WARN_OBJC_IMPLICIT_RETAIN_SELF = YES;
				CLANG_WARN_OBJC_LITERAL_CONVERSION = YES;
				CLANG_WARN_OBJC_ROOT_CLASS = YES_ERROR;
				CLANG_WARN_QUOTED_INCLUDE_IN_FRAMEWORK_HEADER = YES;
				CLANG_WARN_RANGE_LOOP_ANALYSIS = YES;
				CLANG_WARN_STRICT_PROTOTYPES = YES;
				CLANG_WARN_SUSPICIOUS_MOVE = YES;
				CLANG_WARN_UNGUARDED_AVAILABILITY = YES_AGGRESSIVE;
				CLANG_WARN_UNREACHABLE_CODE = YES;
				CLANG_WARN__DUPLICATE_METHOD_MATCH = YES;
				COPY_PHASE_STRIP = NO;
				DEBUG_INFORMATION_FORMAT = "dwarf-with-dsym";
				ENABLE_NS_ASSERTIONS = NO;
				ENABLE_STRICT_OBJC_MSGSEND = YES;
				ENABLE_USER_SCRIPT_SANDBOXING = YES;
				GCC_C_LANGUAGE_STANDARD = gnu17;
				GCC_NO_COMMON_BLOCKS = YES;
				GCC_WARN_64_TO_32_BIT_CONVERSION = YES;
				GCC_WARN_ABOUT_RETURN_TYPE = YES_ERROR;
				GCC_WARN_UNDECLARED_SELECTOR = YES;
				GCC_WARN_UNINITIALIZED_AUTOS = YES_AGGRESSIVE;
				GCC_WARN_UNUSED_FUNCTION = YES;
				GCC_WARN_UNUSED_VARIABLE = YES;
				IPHONEOS_DEPLOYMENT_TARGET = 17.2;
				LOCALIZATION_PREFERS_STRING_CATALOGS = YES;
				MTL_ENABLE_DEBUG_INFO = NO;
				MTL_FAST_MATH = YES;
				SDKROOT = iphoneos;
				SWIFT_COMPILATION_MODE = wholemodule;
				VALIDATE_PRODUCT = YES;
			};
			name = Release;
		};
		5250095D2B35458E00B73FA6 /* Debug */ = {
			isa = XCBuildConfiguration;
			buildSettings = {
				ASSETCATALOG_COMPILER_APPICON_NAME = AppIcon;
				ASSETCATALOG_COMPILER_GLOBAL_ACCENT_COLOR_NAME = AccentColor;
				CODE_SIGN_STYLE = Automatic;
				CURRENT_PROJECT_VERSION = 1;
				DEVELOPMENT_ASSET_PATHS = "\"AppNecut_P2/Preview Content\"";
				DEVELOPMENT_TEAM = 52NJ98457L;
				ENABLE_PREVIEWS = YES;
				GENERATE_INFOPLIST_FILE = YES;
				INFOPLIST_FILE = "AppNecut-P2-Info.plist";
				INFOPLIST_KEY_NSCameraUsageDescription = "\"이 앱은 사용자가 사진을 찍을 수 있도록 카메라를 사용합니다.\"\n\"이 앱은 사용자가 사진을 찍을 수 있도록 카메라를 사용합니다.\"\n\"이 앱은 사용자가 사진을 찍을 수 있도록 카메라를 사용합니다.\"\n\"APP NECUT을 사용하기 위해 권한을 활성화하세요.\"";
				INFOPLIST_KEY_UIApplicationSceneManifest_Generation = YES;
				INFOPLIST_KEY_UIApplicationSupportsIndirectInputEvents = YES;
				INFOPLIST_KEY_UILaunchScreen_Generation = YES;
				INFOPLIST_KEY_UISupportedInterfaceOrientations_iPad = "UIInterfaceOrientationPortrait UIInterfaceOrientationPortraitUpsideDown UIInterfaceOrientationLandscapeLeft UIInterfaceOrientationLandscapeRight";
				INFOPLIST_KEY_UISupportedInterfaceOrientations_iPhone = "UIInterfaceOrientationPortrait UIInterfaceOrientationLandscapeLeft UIInterfaceOrientationLandscapeRight";
				LD_RUNPATH_SEARCH_PATHS = (
					"$(inherited)",
					"@executable_path/Frameworks",
				);
				MARKETING_VERSION = 1.0;
				PRODUCT_BUNDLE_IDENTIFIER = "MiniPRJ.AppNecut-P2";
				PRODUCT_NAME = "$(TARGET_NAME)";
				SWIFT_EMIT_LOC_STRINGS = YES;
				SWIFT_VERSION = 5.0;
				TARGETED_DEVICE_FAMILY = "1,2";
			};
			name = Debug;
		};
		5250095E2B35458E00B73FA6 /* Release */ = {
			isa = XCBuildConfiguration;
			buildSettings = {
				ASSETCATALOG_COMPILER_APPICON_NAME = AppIcon;
				ASSETCATALOG_COMPILER_GLOBAL_ACCENT_COLOR_NAME = AccentColor;
				CODE_SIGN_STYLE = Automatic;
				CURRENT_PROJECT_VERSION = 1;
				DEVELOPMENT_ASSET_PATHS = "\"AppNecut_P2/Preview Content\"";
				DEVELOPMENT_TEAM = 52NJ98457L;
				ENABLE_PREVIEWS = YES;
				GENERATE_INFOPLIST_FILE = YES;
				INFOPLIST_FILE = "AppNecut-P2-Info.plist";
				INFOPLIST_KEY_NSCameraUsageDescription = "\"이 앱은 사용자가 사진을 찍을 수 있도록 카메라를 사용합니다.\"\n\"이 앱은 사용자가 사진을 찍을 수 있도록 카메라를 사용합니다.\"\n\"이 앱은 사용자가 사진을 찍을 수 있도록 카메라를 사용합니다.\"\n\"APP NECUT을 사용하기 위해 권한을 활성화하세요.\"";
				INFOPLIST_KEY_UIApplicationSceneManifest_Generation = YES;
				INFOPLIST_KEY_UIApplicationSupportsIndirectInputEvents = YES;
				INFOPLIST_KEY_UILaunchScreen_Generation = YES;
				INFOPLIST_KEY_UISupportedInterfaceOrientations_iPad = "UIInterfaceOrientationPortrait UIInterfaceOrientationPortraitUpsideDown UIInterfaceOrientationLandscapeLeft UIInterfaceOrientationLandscapeRight";
				INFOPLIST_KEY_UISupportedInterfaceOrientations_iPhone = "UIInterfaceOrientationPortrait UIInterfaceOrientationLandscapeLeft UIInterfaceOrientationLandscapeRight";
				LD_RUNPATH_SEARCH_PATHS = (
					"$(inherited)",
					"@executable_path/Frameworks",
				);
				MARKETING_VERSION = 1.0;
				PRODUCT_BUNDLE_IDENTIFIER = "MiniPRJ.AppNecut-P2";
				PRODUCT_NAME = "$(TARGET_NAME)";
				SWIFT_EMIT_LOC_STRINGS = YES;
				SWIFT_VERSION = 5.0;
				TARGETED_DEVICE_FAMILY = "1,2";
			};
			name = Release;
		};
/* End XCBuildConfiguration section */

/* Begin XCConfigurationList section */
		525009492B35458D00B73FA6 /* Build configuration list for PBXProject "AppNecut_P2" */ = {
			isa = XCConfigurationList;
			buildConfigurations = (
				5250095A2B35458E00B73FA6 /* Debug */,
				5250095B2B35458E00B73FA6 /* Release */,
			);
			defaultConfigurationIsVisible = 0;
			defaultConfigurationName = Release;
		};
		5250095C2B35458E00B73FA6 /* Build configuration list for PBXNativeTarget "AppNecut_P2" */ = {
			isa = XCConfigurationList;
			buildConfigurations = (
				5250095D2B35458E00B73FA6 /* Debug */,
				5250095E2B35458E00B73FA6 /* Release */,
			);
			defaultConfigurationIsVisible = 0;
			defaultConfigurationName = Release;
		};
/* End XCConfigurationList section */
	};
	rootObject = 525009462B35458D00B73FA6 /* Project object */;
}
